<?xml version="1.0" encoding="utf-8"?>
<Project ToolsVersion="15.0" xmlns="http://schemas.microsoft.com/developer/msbuild/2003">
  <ItemGroup>
    <ClCompile Include="D:\docker-volume\light-nn\src\executor.cc">
      <Filter>Source Files</Filter>
    </ClCompile>
    <ClCompile Include="D:\docker-volume\light-nn\src\net.cc">
      <Filter>Source Files</Filter>
    </ClCompile>
    <ClCompile Include="D:\docker-volume\light-nn\src\operators\attention.cc">
      <Filter>Source Files</Filter>
    </ClCompile>
    <ClCompile Include="D:\docker-volume\light-nn\src\operators\concat.cc">
      <Filter>Source Files</Filter>
    </ClCompile>
    <ClCompile Include="D:\docker-volume\light-nn\src\operators\conv1d.cc">
      <Filter>Source Files</Filter>
    </ClCompile>
    <ClCompile Include="D:\docker-volume\light-nn\src\operators\crf.cc">
      <Filter>Source Files</Filter>
    </ClCompile>
    <ClCompile Include="D:\docker-volume\light-nn\src\operators\eltwise.cc">
      <Filter>Source Files</Filter>
    </ClCompile>
    <ClCompile Include="D:\docker-volume\light-nn\src\operators\embedding.cc">
      <Filter>Source Files</Filter>
    </ClCompile>
    <ClCompile Include="D:\docker-volume\light-nn\src\operators\gelu.cc">
      <Filter>Source Files</Filter>
    </ClCompile>
    <ClCompile Include="D:\docker-volume\light-nn\src\operators\gru.cc">
      <Filter>Source Files</Filter>
    </ClCompile>
    <ClCompile Include="D:\docker-volume\light-nn\src\operators\linear.cc">
      <Filter>Source Files</Filter>
    </ClCompile>
    <ClCompile Include="D:\docker-volume\light-nn\src\operators\lookup-table.cc">
      <Filter>Source Files</Filter>
    </ClCompile>
    <ClCompile Include="D:\docker-volume\light-nn\src\operators\lstm.cc">
      <Filter>Source Files</Filter>
    </ClCompile>
    <ClCompile Include="D:\docker-volume\light-nn\src\operators\pooling1d.cc">
      <Filter>Source Files</Filter>
    </ClCompile>
    <ClCompile Include="D:\docker-volume\light-nn\src\operators\reduction.cc">
      <Filter>Source Files</Filter>
    </ClCompile>
    <ClCompile Include="D:\docker-volume\light-nn\src\operators\relu.cc">
      <Filter>Source Files</Filter>
    </ClCompile>
    <ClCompile Include="D:\docker-volume\light-nn\src\operators\reverse.cc">
      <Filter>Source Files</Filter>
    </ClCompile>
    <ClCompile Include="D:\docker-volume\light-nn\src\operators\rnn-adapter.cc">
      <Filter>Source Files</Filter>
    </ClCompile>
    <ClCompile Include="D:\docker-volume\light-nn\src\operators\scale.cc">
      <Filter>Source Files</Filter>
    </ClCompile>
    <ClCompile Include="D:\docker-volume\light-nn\src\operators\sigmoid.cc">
      <Filter>Source Files</Filter>
    </ClCompile>
    <ClCompile Include="D:\docker-volume\light-nn\src\operators\softmax.cc">
      <Filter>Source Files</Filter>
    </ClCompile>
    <ClCompile Include="D:\docker-volume\light-nn\src\operators\tanh.cc">
      <Filter>Source Files</Filter>
    </ClCompile>
    <ClCompile Include="D:\docker-volume\light-nn\src\operators\weight-wrapper.cc">
      <Filter>Source Files</Filter>
    </ClCompile>
    <ClCompile Include="D:\docker-volume\light-nn\src\operators\weighted-sum.cc">
      <Filter>Source Files</Filter>
    </ClCompile>
    <ClCompile Include="D:\docker-volume\light-nn\src\tensor.cc">
      <Filter>Source Files</Filter>
    </ClCompile>
    <ClCompile Include="D:\docker-volume\light-nn\src\utils\math-functions.cc">
      <Filter>Source Files</Filter>
    </ClCompile>
    <ClCompile Include="D:\docker-volume\light-nn\third_party\json\jsoncpp.cc">
      <Filter>Source Files</Filter>
    </ClCompile>
    <ClCompile Include="..\light-nn\src\operators\conv2d.cc">
      <Filter>Source Files</Filter>
    </ClCompile>
  </ItemGroup>
  <ItemGroup>
    <ClInclude Include="D:\docker-volume\light-nn\include\executor.h">
      <Filter>Header Files</Filter>
    </ClInclude>
    <ClInclude Include="D:\docker-volume\light-nn\include\light-nn.h">
      <Filter>Header Files</Filter>
    </ClInclude>
    <ClInclude Include="D:\docker-volume\light-nn\include\net.h">
      <Filter>Header Files</Filter>
    </ClInclude>
    <ClInclude Include="D:\docker-volume\light-nn\include\operator-factory.h">
      <Filter>Header Files</Filter>
    </ClInclude>
    <ClInclude Include="D:\docker-volume\light-nn\include\operator.h">
      <Filter>Header Files</Filter>
    </ClInclude>
    <ClInclude Include="D:\docker-volume\light-nn\include\operators\attention.h">
      <Filter>Header Files</Filter>
    </ClInclude>
    <ClInclude Include="D:\docker-volume\light-nn\include\operators\concat.h">
      <Filter>Header Files</Filter>
    </ClInclude>
    <ClInclude Include="D:\docker-volume\light-nn\include\operators\conv1d.h">
      <Filter>Header Files</Filter>
    </ClInclude>
    <ClInclude Include="D:\docker-volume\light-nn\include\operators\crf.h">
      <Filter>Header Files</Filter>
    </ClInclude>
    <ClInclude Include="D:\docker-volume\light-nn\include\operators\eltwise.h">
      <Filter>Header Files</Filter>
    </ClInclude>
    <ClInclude Include="D:\docker-volume\light-nn\include\operators\embedding.h">
      <Filter>Header Files</Filter>
    </ClInclude>
    <ClInclude Include="D:\docker-volume\light-nn\include\operators\gelu.h">
      <Filter>Header Files</Filter>
    </ClInclude>
    <ClInclude Include="D:\docker-volume\light-nn\include\operators\gru.h">
      <Filter>Header Files</Filter>
    </ClInclude>
    <ClInclude Include="D:\docker-volume\light-nn\include\operators\linear.h">
      <Filter>Header Files</Filter>
    </ClInclude>
    <ClInclude Include="D:\docker-volume\light-nn\include\operators\lookup-table.h">
      <Filter>Header Files</Filter>
    </ClInclude>
    <ClInclude Include="D:\docker-volume\light-nn\include\operators\lstm.h">
      <Filter>Header Files</Filter>
    </ClInclude>
    <ClInclude Include="D:\docker-volume\light-nn\include\operators\pooling1d.h">
      <Filter>Header Files</Filter>
    </ClInclude>
    <ClInclude Include="D:\docker-volume\light-nn\include\operators\reduction.h">
      <Filter>Header Files</Filter>
    </ClInclude>
    <ClInclude Include="D:\docker-volume\light-nn\include\operators\relu.h">
      <Filter>Header Files</Filter>
    </ClInclude>
    <ClInclude Include="D:\docker-volume\light-nn\include\operators\reverse.h">
      <Filter>Header Files</Filter>
    </ClInclude>
    <ClInclude Include="D:\docker-volume\light-nn\include\operators\rnn-adapter.h">
      <Filter>Header Files</Filter>
    </ClInclude>
    <ClInclude Include="D:\docker-volume\light-nn\include\operators\scale.h">
      <Filter>Header Files</Filter>
    </ClInclude>
    <ClInclude Include="D:\docker-volume\light-nn\include\operators\sigmoid.h">
      <Filter>Header Files</Filter>
    </ClInclude>
    <ClInclude Include="D:\docker-volume\light-nn\include\operators\softmax.h">
      <Filter>Header Files</Filter>
    </ClInclude>
    <ClInclude Include="D:\docker-volume\light-nn\include\operators\tanh.h">
      <Filter>Header Files</Filter>
    </ClInclude>
    <ClInclude Include="D:\docker-volume\light-nn\include\operators\weight-wrapper.h">
      <Filter>Header Files</Filter>
    </ClInclude>
    <ClInclude Include="D:\docker-volume\light-nn\include\operators\weighted-sum.h">
      <Filter>Header Files</Filter>
    </ClInclude>
    <ClInclude Include="D:\docker-volume\light-nn\include\tensor.h">
      <Filter>Header Files</Filter>
    </ClInclude>
    <ClInclude Include="D:\docker-volume\light-nn\include\utils\log.h">
      <Filter>Header Files</Filter>
    </ClInclude>
    <ClInclude Include="D:\docker-volume\light-nn\include\utils\math-functions.h">
      <Filter>Header Files</Filter>
    </ClInclude>
    <ClInclude Include="D:\docker-volume\light-nn\third_party\json\json-forwards.h">
      <Filter>Header Files</Filter>
    </ClInclude>
    <ClInclude Include="D:\docker-volume\light-nn\third_party\json\json.h">
      <Filter>Header Files</Filter>
    </ClInclude>
    <ClInclude Include="D:\docker-volume\light-nn\third_party\openblas\cblas.h">
      <Filter>Header Files</Filter>
    </ClInclude>
    <ClInclude Include="D:\docker-volume\light-nn\third_party\openblas\openblas_config.h">
      <Filter>Header Files</Filter>
    </ClInclude>
    <ClInclude Include="..\light-nn\include\operators\conv2d.h">
      <Filter>Header Files</Filter>
    </ClInclude>
  </ItemGroup>
  <ItemGroup>
    <CustomBuild Include="D:\docker-volume\light-nn\CMakeLists.txt" />
  </ItemGroup>
  <ItemGroup>
    <Filter Include="Header Files">
      <UniqueIdentifier>{87268057-3BB1-3B06-89E1-E63B18C06F24}</UniqueIdentifier>
    </Filter>
    <Filter Include="Source Files">
      <UniqueIdentifier>{A3FACF68-2573-36B9-87FA-92D2F48370E1}</UniqueIdentifier>
    </Filter>
  </ItemGroup>
</Project>