Microsoft Visual Studio Solution File, Format Version 12.00
# Visual Studio 15
VisualStudioVersion = 15.0.28307.757
MinimumVisualStudioVersion = 10.0.40219.1
Project("{8BC9CEB8-8B4A-11D0-8D11-00A0C91BC942}") = "ALL_BUILD", "ALL_BUILD.vcxproj", "{7AD0E039-D2C1-3CFC-BB12-E4F809D2ECBA}"
	ProjectSection(ProjectDependencies) = postProject
		{08908E03-DF9F-3322-8D3C-F42387F0AF34} = {08908E03-DF9F-3322-8D3C-F42387F0AF34}
		{8E86500C-8349-32A6-8467-B88CA6D83A0A} = {8E86500C-8349-32A6-8467-B88CA6D83A0A}
		{A49AED21-15F1-3D86-926E-97D8986455FC} = {A49AED21-15F1-3D86-926E-97D8986455FC}
		{8E905E24-E3A8-398C-BC5D-251B57277E3B} = {8E905E24-E3A8-398C-BC5D-251B57277E3B}
		{6AA71125-14EE-396E-9725-D8ACD52CA285} = {6AA71125-14EE-396E-9725-D8ACD52CA285}
		{54AD5F26-CBAF-346A-BBC9-436EE3ECD119} = {54AD5F26-CBAF-346A-BBC9-436EE3ECD119}
		{F6978E40-712D-3B1C-8070-E23AF926ADF8} = {F6978E40-712D-3B1C-8070-E23AF926ADF8}
		{AFF18341-2443-3F33-B9AB-E48BE4A79972} = {AFF18341-2443-3F33-B9AB-E48BE4A79972}
		{D9113553-AF19-3411-8D21-1078EE8F611E} = {D9113553-AF19-3411-8D21-1078EE8F611E}
		{87401E5E-2FEC-3AB7-BA30-15C9FF6A2348} = {87401E5E-2FEC-3AB7-BA30-15C9FF6A2348}
		{B0F44662-1705-3D9B-99EB-57C252285788} = {B0F44662-1705-3D9B-99EB-57C252285788}
		{835EF662-F1BB-3395-A533-5BF54B9047EB} = {835EF662-F1BB-3395-A533-5BF54B9047EB}
		{AE649664-E04F-33E3-BC75-190EB32FCA0A} = {AE649664-E04F-33E3-BC75-190EB32FCA0A}
		{017FC065-D4EE-321D-9C28-DCBEB8309C0A} = {017FC065-D4EE-321D-9C28-DCBEB8309C0A}
		{ACDD186B-BC72-3CAB-807A-89E0A22546BD} = {ACDD186B-BC72-3CAB-807A-89E0A22546BD}
		{B4D5B073-111B-3A02-B70D-FFD8DBA5118E} = {B4D5B073-111B-3A02-B70D-FFD8DBA5118E}
		{26736674-24EA-35F3-AE0E-EC0E5098BEC8} = {26736674-24EA-35F3-AE0E-EC0E5098BEC8}
		{B7E5987B-1280-317B-BCDE-F367AA11E824} = {B7E5987B-1280-317B-BCDE-F367AA11E824}
		{2A3F6382-FAC5-3AA3-9877-796AD24CE7A9} = {2A3F6382-FAC5-3AA3-9877-796AD24CE7A9}
		{4DB2658D-AC62-3A30-BA18-BCA4E97FB2C0} = {4DB2658D-AC62-3A30-BA18-BCA4E97FB2C0}
		{966B94B1-99AF-36CD-BFC1-3AA869790C93} = {966B94B1-99AF-36CD-BFC1-3AA869790C93}
		{FE0345B2-BA53-3E0F-AE6C-16E61C44726A} = {FE0345B2-BA53-3E0F-AE6C-16E61C44726A}
		{6CCB83BC-D6E7-397B-9244-9A73515AF85D} = {6CCB83BC-D6E7-397B-9244-9A73515AF85D}
		{019398BE-7ADE-369F-8318-A343B142CD03} = {019398BE-7ADE-369F-8318-A343B142CD03}
		{DB34DBC7-14C7-3353-8F71-CBF7D03C050D} = {DB34DBC7-14C7-3353-8F71-CBF7D03C050D}
		{C3B1BFD4-DBE5-3916-8675-C09EF4F28F54} = {C3B1BFD4-DBE5-3916-8675-C09EF4F28F54}
		{7612A6E8-B8DA-3A6A-ABD4-CFB9B0FD05D8} = {7612A6E8-B8DA-3A6A-ABD4-CFB9B0FD05D8}
		{44D8C8EE-0BDB-3ECB-BE71-6D6081FB1652} = {44D8C8EE-0BDB-3ECB-BE71-6D6081FB1652}
		{424548FA-BF5C-3611-849D-EECE51834FCB} = {424548FA-BF5C-3611-849D-EECE51834FCB}
	EndProjectSection
EndProject
Project("{8BC9CEB8-8B4A-11D0-8D11-00A0C91BC942}") = "ZERO_CHECK", "ZERO_CHECK.vcxproj", "{FE0345B2-BA53-3E0F-AE6C-16E61C44726A}"
EndProject
Project("{8BC9CEB8-8B4A-11D0-8D11-00A0C91BC942}") = "gtest", "gtest.vcxproj", "{8E905E24-E3A8-398C-BC5D-251B57277E3B}"
	ProjectSection(ProjectDependencies) = postProject
		{FE0345B2-BA53-3E0F-AE6C-16E61C44726A} = {FE0345B2-BA53-3E0F-AE6C-16E61C44726A}
	EndProjectSection
EndProject
Project("{8BC9CEB8-8B4A-11D0-8D11-00A0C91BC942}") = "lnn", "lnn.vcxproj", "{6AA71125-14EE-396E-9725-D8ACD52CA285}"
	ProjectSection(ProjectDependencies) = postProject
		{FE0345B2-BA53-3E0F-AE6C-16E61C44726A} = {FE0345B2-BA53-3E0F-AE6C-16E61C44726A}
	EndProjectSection
EndProject
Project("{8BC9CEB8-8B4A-11D0-8D11-00A0C91BC942}") = "test-all", "test-all.vcxproj", "{966B94B1-99AF-36CD-BFC1-3AA869790C93}"
	ProjectSection(ProjectDependencies) = postProject
		{8E905E24-E3A8-398C-BC5D-251B57277E3B} = {8E905E24-E3A8-398C-BC5D-251B57277E3B}
		{6AA71125-14EE-396E-9725-D8ACD52CA285} = {6AA71125-14EE-396E-9725-D8ACD52CA285}
		{FE0345B2-BA53-3E0F-AE6C-16E61C44726A} = {FE0345B2-BA53-3E0F-AE6C-16E61C44726A}
	EndProjectSection
EndProject
Project("{8BC9CEB8-8B4A-11D0-8D11-00A0C91BC942}") = "test-executor", "test-executor.vcxproj", "{B4D5B073-111B-3A02-B70D-FFD8DBA5118E}"
	ProjectSection(ProjectDependencies) = postProject
		{8E905E24-E3A8-398C-BC5D-251B57277E3B} = {8E905E24-E3A8-398C-BC5D-251B57277E3B}
		{6AA71125-14EE-396E-9725-D8ACD52CA285} = {6AA71125-14EE-396E-9725-D8ACD52CA285}
		{FE0345B2-BA53-3E0F-AE6C-16E61C44726A} = {FE0345B2-BA53-3E0F-AE6C-16E61C44726A}
	EndProjectSection
EndProject
Project("{8BC9CEB8-8B4A-11D0-8D11-00A0C91BC942}") = "test-net", "test-net.vcxproj", "{44D8C8EE-0BDB-3ECB-BE71-6D6081FB1652}"
	ProjectSection(ProjectDependencies) = postProject
		{8E905E24-E3A8-398C-BC5D-251B57277E3B} = {8E905E24-E3A8-398C-BC5D-251B57277E3B}
		{6AA71125-14EE-396E-9725-D8ACD52CA285} = {6AA71125-14EE-396E-9725-D8ACD52CA285}
		{FE0345B2-BA53-3E0F-AE6C-16E61C44726A} = {FE0345B2-BA53-3E0F-AE6C-16E61C44726A}
	EndProjectSection
EndProject
Project("{8BC9CEB8-8B4A-11D0-8D11-00A0C91BC942}") = "test-op-attention", "test-op-attention.vcxproj", "{F6978E40-712D-3B1C-8070-E23AF926ADF8}"
	ProjectSection(ProjectDependencies) = postProject
		{8E905E24-E3A8-398C-BC5D-251B57277E3B} = {8E905E24-E3A8-398C-BC5D-251B57277E3B}
		{6AA71125-14EE-396E-9725-D8ACD52CA285} = {6AA71125-14EE-396E-9725-D8ACD52CA285}
		{FE0345B2-BA53-3E0F-AE6C-16E61C44726A} = {FE0345B2-BA53-3E0F-AE6C-16E61C44726A}
	EndProjectSection
EndProject
Project("{8BC9CEB8-8B4A-11D0-8D11-00A0C91BC942}") = "test-op-concat", "test-op-concat.vcxproj", "{6CCB83BC-D6E7-397B-9244-9A73515AF85D}"
	ProjectSection(ProjectDependencies) = postProject
		{8E905E24-E3A8-398C-BC5D-251B57277E3B} = {8E905E24-E3A8-398C-BC5D-251B57277E3B}
		{6AA71125-14EE-396E-9725-D8ACD52CA285} = {6AA71125-14EE-396E-9725-D8ACD52CA285}
		{FE0345B2-BA53-3E0F-AE6C-16E61C44726A} = {FE0345B2-BA53-3E0F-AE6C-16E61C44726A}
	EndProjectSection
EndProject
Project("{8BC9CEB8-8B4A-11D0-8D11-00A0C91BC942}") = "test-op-conv1d", "test-op-conv1d.vcxproj", "{A49AED21-15F1-3D86-926E-97D8986455FC}"
	ProjectSection(ProjectDependencies) = postProject
		{8E905E24-E3A8-398C-BC5D-251B57277E3B} = {8E905E24-E3A8-398C-BC5D-251B57277E3B}
		{6AA71125-14EE-396E-9725-D8ACD52CA285} = {6AA71125-14EE-396E-9725-D8ACD52CA285}
		{FE0345B2-BA53-3E0F-AE6C-16E61C44726A} = {FE0345B2-BA53-3E0F-AE6C-16E61C44726A}
	EndProjectSection
EndProject
Project("{8BC9CEB8-8B4A-11D0-8D11-00A0C91BC942}") = "test-op-crf", "test-op-crf.vcxproj", "{424548FA-BF5C-3611-849D-EECE51834FCB}"
	ProjectSection(ProjectDependencies) = postProject
		{8E905E24-E3A8-398C-BC5D-251B57277E3B} = {8E905E24-E3A8-398C-BC5D-251B57277E3B}
		{6AA71125-14EE-396E-9725-D8ACD52CA285} = {6AA71125-14EE-396E-9725-D8ACD52CA285}
		{FE0345B2-BA53-3E0F-AE6C-16E61C44726A} = {FE0345B2-BA53-3E0F-AE6C-16E61C44726A}
	EndProjectSection
EndProject
Project("{8BC9CEB8-8B4A-11D0-8D11-00A0C91BC942}") = "test-op-eltwise", "test-op-eltwise.vcxproj", "{2A3F6382-FAC5-3AA3-9877-796AD24CE7A9}"
	ProjectSection(ProjectDependencies) = postProject
		{8E905E24-E3A8-398C-BC5D-251B57277E3B} = {8E905E24-E3A8-398C-BC5D-251B57277E3B}
		{6AA71125-14EE-396E-9725-D8ACD52CA285} = {6AA71125-14EE-396E-9725-D8ACD52CA285}
		{FE0345B2-BA53-3E0F-AE6C-16E61C44726A} = {FE0345B2-BA53-3E0F-AE6C-16E61C44726A}
	EndProjectSection
EndProject
Project("{8BC9CEB8-8B4A-11D0-8D11-00A0C91BC942}") = "test-op-embedding", "test-op-embedding.vcxproj", "{8E86500C-8349-32A6-8467-B88CA6D83A0A}"
	ProjectSection(ProjectDependencies) = postProject
		{8E905E24-E3A8-398C-BC5D-251B57277E3B} = {8E905E24-E3A8-398C-BC5D-251B57277E3B}
		{6AA71125-14EE-396E-9725-D8ACD52CA285} = {6AA71125-14EE-396E-9725-D8ACD52CA285}
		{FE0345B2-BA53-3E0F-AE6C-16E61C44726A} = {FE0345B2-BA53-3E0F-AE6C-16E61C44726A}
	EndProjectSection
EndProject
Project("{8BC9CEB8-8B4A-11D0-8D11-00A0C91BC942}") = "test-op-gelu", "test-op-gelu.vcxproj", "{DB34DBC7-14C7-3353-8F71-CBF7D03C050D}"
	ProjectSection(ProjectDependencies) = postProject
		{8E905E24-E3A8-398C-BC5D-251B57277E3B} = {8E905E24-E3A8-398C-BC5D-251B57277E3B}
		{6AA71125-14EE-396E-9725-D8ACD52CA285} = {6AA71125-14EE-396E-9725-D8ACD52CA285}
		{FE0345B2-BA53-3E0F-AE6C-16E61C44726A} = {FE0345B2-BA53-3E0F-AE6C-16E61C44726A}
	EndProjectSection
EndProject
Project("{8BC9CEB8-8B4A-11D0-8D11-00A0C91BC942}") = "test-op-gru", "test-op-gru.vcxproj", "{835EF662-F1BB-3395-A533-5BF54B9047EB}"
	ProjectSection(ProjectDependencies) = postProject
		{8E905E24-E3A8-398C-BC5D-251B57277E3B} = {8E905E24-E3A8-398C-BC5D-251B57277E3B}
		{6AA71125-14EE-396E-9725-D8ACD52CA285} = {6AA71125-14EE-396E-9725-D8ACD52CA285}
		{FE0345B2-BA53-3E0F-AE6C-16E61C44726A} = {FE0345B2-BA53-3E0F-AE6C-16E61C44726A}
	EndProjectSection
EndProject
Project("{8BC9CEB8-8B4A-11D0-8D11-00A0C91BC942}") = "test-op-linear", "test-op-linear.vcxproj", "{C3B1BFD4-DBE5-3916-8675-C09EF4F28F54}"
	ProjectSection(ProjectDependencies) = postProject
		{8E905E24-E3A8-398C-BC5D-251B57277E3B} = {8E905E24-E3A8-398C-BC5D-251B57277E3B}
		{6AA71125-14EE-396E-9725-D8ACD52CA285} = {6AA71125-14EE-396E-9725-D8ACD52CA285}
		{FE0345B2-BA53-3E0F-AE6C-16E61C44726A} = {FE0345B2-BA53-3E0F-AE6C-16E61C44726A}
	EndProjectSection
EndProject
Project("{8BC9CEB8-8B4A-11D0-8D11-00A0C91BC942}") = "test-op-lookup-table", "test-op-lookup-table.vcxproj", "{B0F44662-1705-3D9B-99EB-57C252285788}"
	ProjectSection(ProjectDependencies) = postProject
		{8E905E24-E3A8-398C-BC5D-251B57277E3B} = {8E905E24-E3A8-398C-BC5D-251B57277E3B}
		{6AA71125-14EE-396E-9725-D8ACD52CA285} = {6AA71125-14EE-396E-9725-D8ACD52CA285}
		{FE0345B2-BA53-3E0F-AE6C-16E61C44726A} = {FE0345B2-BA53-3E0F-AE6C-16E61C44726A}
	EndProjectSection
EndProject
Project("{8BC9CEB8-8B4A-11D0-8D11-00A0C91BC942}") = "test-op-lstm", "test-op-lstm.vcxproj", "{B7E5987B-1280-317B-BCDE-F367AA11E824}"
	ProjectSection(ProjectDependencies) = postProject
		{8E905E24-E3A8-398C-BC5D-251B57277E3B} = {8E905E24-E3A8-398C-BC5D-251B57277E3B}
		{6AA71125-14EE-396E-9725-D8ACD52CA285} = {6AA71125-14EE-396E-9725-D8ACD52CA285}
		{FE0345B2-BA53-3E0F-AE6C-16E61C44726A} = {FE0345B2-BA53-3E0F-AE6C-16E61C44726A}
	EndProjectSection
EndProject
Project("{8BC9CEB8-8B4A-11D0-8D11-00A0C91BC942}") = "test-op-pooling1d", "test-op-pooling1d.vcxproj", "{7612A6E8-B8DA-3A6A-ABD4-CFB9B0FD05D8}"
	ProjectSection(ProjectDependencies) = postProject
		{8E905E24-E3A8-398C-BC5D-251B57277E3B} = {8E905E24-E3A8-398C-BC5D-251B57277E3B}
		{6AA71125-14EE-396E-9725-D8ACD52CA285} = {6AA71125-14EE-396E-9725-D8ACD52CA285}
		{FE0345B2-BA53-3E0F-AE6C-16E61C44726A} = {FE0345B2-BA53-3E0F-AE6C-16E61C44726A}
	EndProjectSection
EndProject
Project("{8BC9CEB8-8B4A-11D0-8D11-00A0C91BC942}") = "test-op-reduction", "test-op-reduction.vcxproj", "{54AD5F26-CBAF-346A-BBC9-436EE3ECD119}"
	ProjectSection(ProjectDependencies) = postProject
		{8E905E24-E3A8-398C-BC5D-251B57277E3B} = {8E905E24-E3A8-398C-BC5D-251B57277E3B}
		{6AA71125-14EE-396E-9725-D8ACD52CA285} = {6AA71125-14EE-396E-9725-D8ACD52CA285}
		{FE0345B2-BA53-3E0F-AE6C-16E61C44726A} = {FE0345B2-BA53-3E0F-AE6C-16E61C44726A}
	EndProjectSection
EndProject
Project("{8BC9CEB8-8B4A-11D0-8D11-00A0C91BC942}") = "test-op-relu", "test-op-relu.vcxproj", "{4DB2658D-AC62-3A30-BA18-BCA4E97FB2C0}"
	ProjectSection(ProjectDependencies) = postProject
		{8E905E24-E3A8-398C-BC5D-251B57277E3B} = {8E905E24-E3A8-398C-BC5D-251B57277E3B}
		{6AA71125-14EE-396E-9725-D8ACD52CA285} = {6AA71125-14EE-396E-9725-D8ACD52CA285}
		{FE0345B2-BA53-3E0F-AE6C-16E61C44726A} = {FE0345B2-BA53-3E0F-AE6C-16E61C44726A}
	EndProjectSection
EndProject
Project("{8BC9CEB8-8B4A-11D0-8D11-00A0C91BC942}") = "test-op-reverse", "test-op-reverse.vcxproj", "{D9113553-AF19-3411-8D21-1078EE8F611E}"
	ProjectSection(ProjectDependencies) = postProject
		{8E905E24-E3A8-398C-BC5D-251B57277E3B} = {8E905E24-E3A8-398C-BC5D-251B57277E3B}
		{6AA71125-14EE-396E-9725-D8ACD52CA285} = {6AA71125-14EE-396E-9725-D8ACD52CA285}
		{FE0345B2-BA53-3E0F-AE6C-16E61C44726A} = {FE0345B2-BA53-3E0F-AE6C-16E61C44726A}
	EndProjectSection
EndProject
Project("{8BC9CEB8-8B4A-11D0-8D11-00A0C91BC942}") = "test-op-rnn-adapter", "test-op-rnn-adapter.vcxproj", "{87401E5E-2FEC-3AB7-BA30-15C9FF6A2348}"
	ProjectSection(ProjectDependencies) = postProject
		{8E905E24-E3A8-398C-BC5D-251B57277E3B} = {8E905E24-E3A8-398C-BC5D-251B57277E3B}
		{6AA71125-14EE-396E-9725-D8ACD52CA285} = {6AA71125-14EE-396E-9725-D8ACD52CA285}
		{FE0345B2-BA53-3E0F-AE6C-16E61C44726A} = {FE0345B2-BA53-3E0F-AE6C-16E61C44726A}
	EndProjectSection
EndProject
Project("{8BC9CEB8-8B4A-11D0-8D11-00A0C91BC942}") = "test-op-scale", "test-op-scale.vcxproj", "{ACDD186B-BC72-3CAB-807A-89E0A22546BD}"
	ProjectSection(ProjectDependencies) = postProject
		{8E905E24-E3A8-398C-BC5D-251B57277E3B} = {8E905E24-E3A8-398C-BC5D-251B57277E3B}
		{6AA71125-14EE-396E-9725-D8ACD52CA285} = {6AA71125-14EE-396E-9725-D8ACD52CA285}
		{FE0345B2-BA53-3E0F-AE6C-16E61C44726A} = {FE0345B2-BA53-3E0F-AE6C-16E61C44726A}
	EndProjectSection
EndProject
Project("{8BC9CEB8-8B4A-11D0-8D11-00A0C91BC942}") = "test-op-sigmoid", "test-op-sigmoid.vcxproj", "{019398BE-7ADE-369F-8318-A343B142CD03}"
	ProjectSection(ProjectDependencies) = postProject
		{8E905E24-E3A8-398C-BC5D-251B57277E3B} = {8E905E24-E3A8-398C-BC5D-251B57277E3B}
		{6AA71125-14EE-396E-9725-D8ACD52CA285} = {6AA71125-14EE-396E-9725-D8ACD52CA285}
		{FE0345B2-BA53-3E0F-AE6C-16E61C44726A} = {FE0345B2-BA53-3E0F-AE6C-16E61C44726A}
	EndProjectSection
EndProject
Project("{8BC9CEB8-8B4A-11D0-8D11-00A0C91BC942}") = "test-op-softmax", "test-op-softmax.vcxproj", "{017FC065-D4EE-321D-9C28-DCBEB8309C0A}"
	ProjectSection(ProjectDependencies) = postProject
		{8E905E24-E3A8-398C-BC5D-251B57277E3B} = {8E905E24-E3A8-398C-BC5D-251B57277E3B}
		{6AA71125-14EE-396E-9725-D8ACD52CA285} = {6AA71125-14EE-396E-9725-D8ACD52CA285}
		{FE0345B2-BA53-3E0F-AE6C-16E61C44726A} = {FE0345B2-BA53-3E0F-AE6C-16E61C44726A}
	EndProjectSection
EndProject
Project("{8BC9CEB8-8B4A-11D0-8D11-00A0C91BC942}") = "test-op-tanh", "test-op-tanh.vcxproj", "{AFF18341-2443-3F33-B9AB-E48BE4A79972}"
	ProjectSection(ProjectDependencies) = postProject
		{8E905E24-E3A8-398C-BC5D-251B57277E3B} = {8E905E24-E3A8-398C-BC5D-251B57277E3B}
		{6AA71125-14EE-396E-9725-D8ACD52CA285} = {6AA71125-14EE-396E-9725-D8ACD52CA285}
		{FE0345B2-BA53-3E0F-AE6C-16E61C44726A} = {FE0345B2-BA53-3E0F-AE6C-16E61C44726A}
	EndProjectSection
EndProject
Project("{8BC9CEB8-8B4A-11D0-8D11-00A0C91BC942}") = "test-op-weight-wrapper", "test-op-weight-wrapper.vcxproj", "{08908E03-DF9F-3322-8D3C-F42387F0AF34}"
	ProjectSection(ProjectDependencies) = postProject
		{8E905E24-E3A8-398C-BC5D-251B57277E3B} = {8E905E24-E3A8-398C-BC5D-251B57277E3B}
		{6AA71125-14EE-396E-9725-D8ACD52CA285} = {6AA71125-14EE-396E-9725-D8ACD52CA285}
		{FE0345B2-BA53-3E0F-AE6C-16E61C44726A} = {FE0345B2-BA53-3E0F-AE6C-16E61C44726A}
	EndProjectSection
EndProject
Project("{8BC9CEB8-8B4A-11D0-8D11-00A0C91BC942}") = "test-op-weighted-sum", "test-op-weighted-sum.vcxproj", "{26736674-24EA-35F3-AE0E-EC0E5098BEC8}"
	ProjectSection(ProjectDependencies) = postProject
		{8E905E24-E3A8-398C-BC5D-251B57277E3B} = {8E905E24-E3A8-398C-BC5D-251B57277E3B}
		{6AA71125-14EE-396E-9725-D8ACD52CA285} = {6AA71125-14EE-396E-9725-D8ACD52CA285}
		{FE0345B2-BA53-3E0F-AE6C-16E61C44726A} = {FE0345B2-BA53-3E0F-AE6C-16E61C44726A}
	EndProjectSection
EndProject
Project("{8BC9CEB8-8B4A-11D0-8D11-00A0C91BC942}") = "test-tensor", "test-tensor.vcxproj", "{AE649664-E04F-33E3-BC75-190EB32FCA0A}"
	ProjectSection(ProjectDependencies) = postProject
		{8E905E24-E3A8-398C-BC5D-251B57277E3B} = {8E905E24-E3A8-398C-BC5D-251B57277E3B}
		{6AA71125-14EE-396E-9725-D8ACD52CA285} = {6AA71125-14EE-396E-9725-D8ACD52CA285}
		{FE0345B2-BA53-3E0F-AE6C-16E61C44726A} = {FE0345B2-BA53-3E0F-AE6C-16E61C44726A}
	EndProjectSection
EndProject
Project("{8BC9CEB8-8B4A-11D0-8D11-00A0C91BC942}") = "owntest", "owntest\owntest.vcxproj", "{AE50BE91-E32E-478B-A04E-8FA9E98DAAFC}"
	ProjectSection(ProjectDependencies) = postProject
		{7AD0E039-D2C1-3CFC-BB12-E4F809D2ECBA} = {7AD0E039-D2C1-3CFC-BB12-E4F809D2ECBA}
	EndProjectSection
EndProject
Global
	GlobalSection(SolutionConfigurationPlatforms) = preSolution
		Debug|x64 = Debug|x64
		Debug|x86 = Debug|x86
		MinSizeRel|x64 = MinSizeRel|x64
		MinSizeRel|x86 = MinSizeRel|x86
		Release|x64 = Release|x64
		Release|x86 = Release|x86
		RelWithDebInfo|x64 = RelWithDebInfo|x64
		RelWithDebInfo|x86 = RelWithDebInfo|x86
	EndGlobalSection
	GlobalSection(ProjectConfigurationPlatforms) = postSolution
		{7AD0E039-D2C1-3CFC-BB12-E4F809D2ECBA}.Debug|x64.ActiveCfg = Debug|x64
		{7AD0E039-D2C1-3CFC-BB12-E4F809D2ECBA}.Debug|x86.ActiveCfg = Debug|x64
		{7AD0E039-D2C1-3CFC-BB12-E4F809D2ECBA}.MinSizeRel|x64.ActiveCfg = MinSizeRel|x64
		{7AD0E039-D2C1-3CFC-BB12-E4F809D2ECBA}.MinSizeRel|x86.ActiveCfg = MinSizeRel|x64
		{7AD0E039-D2C1-3CFC-BB12-E4F809D2ECBA}.Release|x64.ActiveCfg = Release|x64
		{7AD0E039-D2C1-3CFC-BB12-E4F809D2ECBA}.Release|x86.ActiveCfg = Release|x64
		{7AD0E039-D2C1-3CFC-BB12-E4F809D2ECBA}.RelWithDebInfo|x64.ActiveCfg = RelWithDebInfo|x64
		{7AD0E039-D2C1-3CFC-BB12-E4F809D2ECBA}.RelWithDebInfo|x86.ActiveCfg = RelWithDebInfo|x64
		{FE0345B2-BA53-3E0F-AE6C-16E61C44726A}.Debug|x64.ActiveCfg = Debug|x64
		{FE0345B2-BA53-3E0F-AE6C-16E61C44726A}.Debug|x64.Build.0 = Debug|x64
		{FE0345B2-BA53-3E0F-AE6C-16E61C44726A}.Debug|x86.ActiveCfg = Debug|x64
		{FE0345B2-BA53-3E0F-AE6C-16E61C44726A}.MinSizeRel|x64.ActiveCfg = MinSizeRel|x64
		{FE0345B2-BA53-3E0F-AE6C-16E61C44726A}.MinSizeRel|x64.Build.0 = MinSizeRel|x64
		{FE0345B2-BA53-3E0F-AE6C-16E61C44726A}.MinSizeRel|x86.ActiveCfg = MinSizeRel|x64
		{FE0345B2-BA53-3E0F-AE6C-16E61C44726A}.Release|x64.ActiveCfg = Release|x64
		{FE0345B2-BA53-3E0F-AE6C-16E61C44726A}.Release|x64.Build.0 = Release|x64
		{FE0345B2-BA53-3E0F-AE6C-16E61C44726A}.Release|x86.ActiveCfg = Release|x64
		{FE0345B2-BA53-3E0F-AE6C-16E61C44726A}.RelWithDebInfo|x64.ActiveCfg = RelWithDebInfo|x64
		{FE0345B2-BA53-3E0F-AE6C-16E61C44726A}.RelWithDebInfo|x64.Build.0 = RelWithDebInfo|x64
		{FE0345B2-BA53-3E0F-AE6C-16E61C44726A}.RelWithDebInfo|x86.ActiveCfg = RelWithDebInfo|x64
		{8E905E24-E3A8-398C-BC5D-251B57277E3B}.Debug|x64.ActiveCfg = Debug|x64
		{8E905E24-E3A8-398C-BC5D-251B57277E3B}.Debug|x64.Build.0 = Debug|x64
		{8E905E24-E3A8-398C-BC5D-251B57277E3B}.Debug|x86.ActiveCfg = Debug|x64
		{8E905E24-E3A8-398C-BC5D-251B57277E3B}.MinSizeRel|x64.ActiveCfg = MinSizeRel|x64
		{8E905E24-E3A8-398C-BC5D-251B57277E3B}.MinSizeRel|x64.Build.0 = MinSizeRel|x64
		{8E905E24-E3A8-398C-BC5D-251B57277E3B}.MinSizeRel|x86.ActiveCfg = MinSizeRel|x64
		{8E905E24-E3A8-398C-BC5D-251B57277E3B}.Release|x64.ActiveCfg = Release|x64
		{8E905E24-E3A8-398C-BC5D-251B57277E3B}.Release|x64.Build.0 = Release|x64
		{8E905E24-E3A8-398C-BC5D-251B57277E3B}.Release|x86.ActiveCfg = Release|x64
		{8E905E24-E3A8-398C-BC5D-251B57277E3B}.RelWithDebInfo|x64.ActiveCfg = RelWithDebInfo|x64
		{8E905E24-E3A8-398C-BC5D-251B57277E3B}.RelWithDebInfo|x64.Build.0 = RelWithDebInfo|x64
		{8E905E24-E3A8-398C-BC5D-251B57277E3B}.RelWithDebInfo|x86.ActiveCfg = RelWithDebInfo|x64
		{6AA71125-14EE-396E-9725-D8ACD52CA285}.Debug|x64.ActiveCfg = Debug|x64
		{6AA71125-14EE-396E-9725-D8ACD52CA285}.Debug|x64.Build.0 = Debug|x64
		{6AA71125-14EE-396E-9725-D8ACD52CA285}.Debug|x86.ActiveCfg = Debug|x64
		{6AA71125-14EE-396E-9725-D8ACD52CA285}.MinSizeRel|x64.ActiveCfg = MinSizeRel|x64
		{6AA71125-14EE-396E-9725-D8ACD52CA285}.MinSizeRel|x64.Build.0 = MinSizeRel|x64
		{6AA71125-14EE-396E-9725-D8ACD52CA285}.MinSizeRel|x86.ActiveCfg = MinSizeRel|x64
		{6AA71125-14EE-396E-9725-D8ACD52CA285}.Release|x64.ActiveCfg = Release|x64
		{6AA71125-14EE-396E-9725-D8ACD52CA285}.Release|x64.Build.0 = Release|x64
		{6AA71125-14EE-396E-9725-D8ACD52CA285}.Release|x86.ActiveCfg = Release|x64
		{6AA71125-14EE-396E-9725-D8ACD52CA285}.RelWithDebInfo|x64.ActiveCfg = RelWithDebInfo|x64
		{6AA71125-14EE-396E-9725-D8ACD52CA285}.RelWithDebInfo|x64.Build.0 = RelWithDebInfo|x64
		{6AA71125-14EE-396E-9725-D8ACD52CA285}.RelWithDebInfo|x86.ActiveCfg = RelWithDebInfo|x64
		{966B94B1-99AF-36CD-BFC1-3AA869790C93}.Debug|x64.ActiveCfg = Debug|x64
		{966B94B1-99AF-36CD-BFC1-3AA869790C93}.Debug|x64.Build.0 = Debug|x64
		{966B94B1-99AF-36CD-BFC1-3AA869790C93}.Debug|x86.ActiveCfg = Debug|x64
		{966B94B1-99AF-36CD-BFC1-3AA869790C93}.MinSizeRel|x64.ActiveCfg = MinSizeRel|x64
		{966B94B1-99AF-36CD-BFC1-3AA869790C93}.MinSizeRel|x64.Build.0 = MinSizeRel|x64
		{966B94B1-99AF-36CD-BFC1-3AA869790C93}.MinSizeRel|x86.ActiveCfg = MinSizeRel|x64
		{966B94B1-99AF-36CD-BFC1-3AA869790C93}.Release|x64.ActiveCfg = Release|x64
		{966B94B1-99AF-36CD-BFC1-3AA869790C93}.Release|x64.Build.0 = Release|x64
		{966B94B1-99AF-36CD-BFC1-3AA869790C93}.Release|x86.ActiveCfg = Release|x64
		{966B94B1-99AF-36CD-BFC1-3AA869790C93}.RelWithDebInfo|x64.ActiveCfg = RelWithDebInfo|x64
		{966B94B1-99AF-36CD-BFC1-3AA869790C93}.RelWithDebInfo|x64.Build.0 = RelWithDebInfo|x64
		{966B94B1-99AF-36CD-BFC1-3AA869790C93}.RelWithDebInfo|x86.ActiveCfg = RelWithDebInfo|x64
		{B4D5B073-111B-3A02-B70D-FFD8DBA5118E}.Debug|x64.ActiveCfg = Debug|x64
		{B4D5B073-111B-3A02-B70D-FFD8DBA5118E}.Debug|x64.Build.0 = Debug|x64
		{B4D5B073-111B-3A02-B70D-FFD8DBA5118E}.Debug|x86.ActiveCfg = Debug|x64
		{B4D5B073-111B-3A02-B70D-FFD8DBA5118E}.MinSizeRel|x64.ActiveCfg = MinSizeRel|x64
		{B4D5B073-111B-3A02-B70D-FFD8DBA5118E}.MinSizeRel|x64.Build.0 = MinSizeRel|x64
		{B4D5B073-111B-3A02-B70D-FFD8DBA5118E}.MinSizeRel|x86.ActiveCfg = MinSizeRel|x64
		{B4D5B073-111B-3A02-B70D-FFD8DBA5118E}.Release|x64.ActiveCfg = Release|x64
		{B4D5B073-111B-3A02-B70D-FFD8DBA5118E}.Release|x64.Build.0 = Release|x64
		{B4D5B073-111B-3A02-B70D-FFD8DBA5118E}.Release|x86.ActiveCfg = Release|x64
		{B4D5B073-111B-3A02-B70D-FFD8DBA5118E}.RelWithDebInfo|x64.ActiveCfg = RelWithDebInfo|x64
		{B4D5B073-111B-3A02-B70D-FFD8DBA5118E}.RelWithDebInfo|x64.Build.0 = RelWithDebInfo|x64
		{B4D5B073-111B-3A02-B70D-FFD8DBA5118E}.RelWithDebInfo|x86.ActiveCfg = RelWithDebInfo|x64
		{44D8C8EE-0BDB-3ECB-BE71-6D6081FB1652}.Debug|x64.ActiveCfg = Debug|x64
		{44D8C8EE-0BDB-3ECB-BE71-6D6081FB1652}.Debug|x64.Build.0 = Debug|x64
		{44D8C8EE-0BDB-3ECB-BE71-6D6081FB1652}.Debug|x86.ActiveCfg = Debug|x64
		{44D8C8EE-0BDB-3ECB-BE71-6D6081FB1652}.MinSizeRel|x64.ActiveCfg = MinSizeRel|x64
		{44D8C8EE-0BDB-3ECB-BE71-6D6081FB1652}.MinSizeRel|x64.Build.0 = MinSizeRel|x64
		{44D8C8EE-0BDB-3ECB-BE71-6D6081FB1652}.MinSizeRel|x86.ActiveCfg = MinSizeRel|x64
		{44D8C8EE-0BDB-3ECB-BE71-6D6081FB1652}.Release|x64.ActiveCfg = Release|x64
		{44D8C8EE-0BDB-3ECB-BE71-6D6081FB1652}.Release|x64.Build.0 = Release|x64
		{44D8C8EE-0BDB-3ECB-BE71-6D6081FB1652}.Release|x86.ActiveCfg = Release|x64
		{44D8C8EE-0BDB-3ECB-BE71-6D6081FB1652}.RelWithDebInfo|x64.ActiveCfg = RelWithDebInfo|x64
		{44D8C8EE-0BDB-3ECB-BE71-6D6081FB1652}.RelWithDebInfo|x64.Build.0 = RelWithDebInfo|x64
		{44D8C8EE-0BDB-3ECB-BE71-6D6081FB1652}.RelWithDebInfo|x86.ActiveCfg = RelWithDebInfo|x64
		{F6978E40-712D-3B1C-8070-E23AF926ADF8}.Debug|x64.ActiveCfg = Debug|x64
		{F6978E40-712D-3B1C-8070-E23AF926ADF8}.Debug|x64.Build.0 = Debug|x64
		{F6978E40-712D-3B1C-8070-E23AF926ADF8}.Debug|x86.ActiveCfg = Debug|x64
		{F6978E40-712D-3B1C-8070-E23AF926ADF8}.MinSizeRel|x64.ActiveCfg = MinSizeRel|x64
		{F6978E40-712D-3B1C-8070-E23AF926ADF8}.MinSizeRel|x64.Build.0 = MinSizeRel|x64
		{F6978E40-712D-3B1C-8070-E23AF926ADF8}.MinSizeRel|x86.ActiveCfg = MinSizeRel|x64
		{F6978E40-712D-3B1C-8070-E23AF926ADF8}.Release|x64.ActiveCfg = Release|x64
		{F6978E40-712D-3B1C-8070-E23AF926ADF8}.Release|x64.Build.0 = Release|x64
		{F6978E40-712D-3B1C-8070-E23AF926ADF8}.Release|x86.ActiveCfg = Release|x64
		{F6978E40-712D-3B1C-8070-E23AF926ADF8}.RelWithDebInfo|x64.ActiveCfg = RelWithDebInfo|x64
		{F6978E40-712D-3B1C-8070-E23AF926ADF8}.RelWithDebInfo|x64.Build.0 = RelWithDebInfo|x64
		{F6978E40-712D-3B1C-8070-E23AF926ADF8}.RelWithDebInfo|x86.ActiveCfg = RelWithDebInfo|x64
		{6CCB83BC-D6E7-397B-9244-9A73515AF85D}.Debug|x64.ActiveCfg = Debug|x64
		{6CCB83BC-D6E7-397B-9244-9A73515AF85D}.Debug|x64.Build.0 = Debug|x64
		{6CCB83BC-D6E7-397B-9244-9A73515AF85D}.Debug|x86.ActiveCfg = Debug|x64
		{6CCB83BC-D6E7-397B-9244-9A73515AF85D}.MinSizeRel|x64.ActiveCfg = MinSizeRel|x64
		{6CCB83BC-D6E7-397B-9244-9A73515AF85D}.MinSizeRel|x64.Build.0 = MinSizeRel|x64
		{6CCB83BC-D6E7-397B-9244-9A73515AF85D}.MinSizeRel|x86.ActiveCfg = MinSizeRel|x64
		{6CCB83BC-D6E7-397B-9244-9A73515AF85D}.Release|x64.ActiveCfg = Release|x64
		{6CCB83BC-D6E7-397B-9244-9A73515AF85D}.Release|x64.Build.0 = Release|x64
		{6CCB83BC-D6E7-397B-9244-9A73515AF85D}.Release|x86.ActiveCfg = Release|x64
		{6CCB83BC-D6E7-397B-9244-9A73515AF85D}.RelWithDebInfo|x64.ActiveCfg = RelWithDebInfo|x64
		{6CCB83BC-D6E7-397B-9244-9A73515AF85D}.RelWithDebInfo|x64.Build.0 = RelWithDebInfo|x64
		{6CCB83BC-D6E7-397B-9244-9A73515AF85D}.RelWithDebInfo|x86.ActiveCfg = RelWithDebInfo|x64
		{A49AED21-15F1-3D86-926E-97D8986455FC}.Debug|x64.ActiveCfg = Debug|x64
		{A49AED21-15F1-3D86-926E-97D8986455FC}.Debug|x64.Build.0 = Debug|x64
		{A49AED21-15F1-3D86-926E-97D8986455FC}.Debug|x86.ActiveCfg = Debug|x64
		{A49AED21-15F1-3D86-926E-97D8986455FC}.MinSizeRel|x64.ActiveCfg = MinSizeRel|x64
		{A49AED21-15F1-3D86-926E-97D8986455FC}.MinSizeRel|x64.Build.0 = MinSizeRel|x64
		{A49AED21-15F1-3D86-926E-97D8986455FC}.MinSizeRel|x86.ActiveCfg = MinSizeRel|x64
		{A49AED21-15F1-3D86-926E-97D8986455FC}.Release|x64.ActiveCfg = Release|x64
		{A49AED21-15F1-3D86-926E-97D8986455FC}.Release|x64.Build.0 = Release|x64
		{A49AED21-15F1-3D86-926E-97D8986455FC}.Release|x86.ActiveCfg = Release|x64
		{A49AED21-15F1-3D86-926E-97D8986455FC}.RelWithDebInfo|x64.ActiveCfg = RelWithDebInfo|x64
		{A49AED21-15F1-3D86-926E-97D8986455FC}.RelWithDebInfo|x64.Build.0 = RelWithDebInfo|x64
		{A49AED21-15F1-3D86-926E-97D8986455FC}.RelWithDebInfo|x86.ActiveCfg = RelWithDebInfo|x64
		{424548FA-BF5C-3611-849D-EECE51834FCB}.Debug|x64.ActiveCfg = Debug|x64
		{424548FA-BF5C-3611-849D-EECE51834FCB}.Debug|x64.Build.0 = Debug|x64
		{424548FA-BF5C-3611-849D-EECE51834FCB}.Debug|x86.ActiveCfg = Debug|x64
		{424548FA-BF5C-3611-849D-EECE51834FCB}.MinSizeRel|x64.ActiveCfg = MinSizeRel|x64
		{424548FA-BF5C-3611-849D-EECE51834FCB}.MinSizeRel|x64.Build.0 = MinSizeRel|x64
		{424548FA-BF5C-3611-849D-EECE51834FCB}.MinSizeRel|x86.ActiveCfg = MinSizeRel|x64
		{424548FA-BF5C-3611-849D-EECE51834FCB}.Release|x64.ActiveCfg = Release|x64
		{424548FA-BF5C-3611-849D-EECE51834FCB}.Release|x64.Build.0 = Release|x64
		{424548FA-BF5C-3611-849D-EECE51834FCB}.Release|x86.ActiveCfg = Release|x64
		{424548FA-BF5C-3611-849D-EECE51834FCB}.RelWithDebInfo|x64.ActiveCfg = RelWithDebInfo|x64
		{424548FA-BF5C-3611-849D-EECE51834FCB}.RelWithDebInfo|x64.Build.0 = RelWithDebInfo|x64
		{424548FA-BF5C-3611-849D-EECE51834FCB}.RelWithDebInfo|x86.ActiveCfg = RelWithDebInfo|x64
		{2A3F6382-FAC5-3AA3-9877-796AD24CE7A9}.Debug|x64.ActiveCfg = Debug|x64
		{2A3F6382-FAC5-3AA3-9877-796AD24CE7A9}.Debug|x64.Build.0 = Debug|x64
		{2A3F6382-FAC5-3AA3-9877-796AD24CE7A9}.Debug|x86.ActiveCfg = Debug|x64
		{2A3F6382-FAC5-3AA3-9877-796AD24CE7A9}.MinSizeRel|x64.ActiveCfg = MinSizeRel|x64
		{2A3F6382-FAC5-3AA3-9877-796AD24CE7A9}.MinSizeRel|x64.Build.0 = MinSizeRel|x64
		{2A3F6382-FAC5-3AA3-9877-796AD24CE7A9}.MinSizeRel|x86.ActiveCfg = MinSizeRel|x64
		{2A3F6382-FAC5-3AA3-9877-796AD24CE7A9}.Release|x64.ActiveCfg = Release|x64
		{2A3F6382-FAC5-3AA3-9877-796AD24CE7A9}.Release|x64.Build.0 = Release|x64
		{2A3F6382-FAC5-3AA3-9877-796AD24CE7A9}.Release|x86.ActiveCfg = Release|x64
		{2A3F6382-FAC5-3AA3-9877-796AD24CE7A9}.RelWithDebInfo|x64.ActiveCfg = RelWithDebInfo|x64
		{2A3F6382-FAC5-3AA3-9877-796AD24CE7A9}.RelWithDebInfo|x64.Build.0 = RelWithDebInfo|x64
		{2A3F6382-FAC5-3AA3-9877-796AD24CE7A9}.RelWithDebInfo|x86.ActiveCfg = RelWithDebInfo|x64
		{8E86500C-8349-32A6-8467-B88CA6D83A0A}.Debug|x64.ActiveCfg = Debug|x64
		{8E86500C-8349-32A6-8467-B88CA6D83A0A}.Debug|x64.Build.0 = Debug|x64
		{8E86500C-8349-32A6-8467-B88CA6D83A0A}.Debug|x86.ActiveCfg = Debug|x64
		{8E86500C-8349-32A6-8467-B88CA6D83A0A}.MinSizeRel|x64.ActiveCfg = MinSizeRel|x64
		{8E86500C-8349-32A6-8467-B88CA6D83A0A}.MinSizeRel|x64.Build.0 = MinSizeRel|x64
		{8E86500C-8349-32A6-8467-B88CA6D83A0A}.MinSizeRel|x86.ActiveCfg = MinSizeRel|x64
		{8E86500C-8349-32A6-8467-B88CA6D83A0A}.Release|x64.ActiveCfg = Release|x64
		{8E86500C-8349-32A6-8467-B88CA6D83A0A}.Release|x64.Build.0 = Release|x64
		{8E86500C-8349-32A6-8467-B88CA6D83A0A}.Release|x86.ActiveCfg = Release|x64
		{8E86500C-8349-32A6-8467-B88CA6D83A0A}.RelWithDebInfo|x64.ActiveCfg = RelWithDebInfo|x64
		{8E86500C-8349-32A6-8467-B88CA6D83A0A}.RelWithDebInfo|x64.Build.0 = RelWithDebInfo|x64
		{8E86500C-8349-32A6-8467-B88CA6D83A0A}.RelWithDebInfo|x86.ActiveCfg = RelWithDebInfo|x64
		{DB34DBC7-14C7-3353-8F71-CBF7D03C050D}.Debug|x64.ActiveCfg = Debug|x64
		{DB34DBC7-14C7-3353-8F71-CBF7D03C050D}.Debug|x64.Build.0 = Debug|x64
		{DB34DBC7-14C7-3353-8F71-CBF7D03C050D}.Debug|x86.ActiveCfg = Debug|x64
		{DB34DBC7-14C7-3353-8F71-CBF7D03C050D}.MinSizeRel|x64.ActiveCfg = MinSizeRel|x64
		{DB34DBC7-14C7-3353-8F71-CBF7D03C050D}.MinSizeRel|x64.Build.0 = MinSizeRel|x64
		{DB34DBC7-14C7-3353-8F71-CBF7D03C050D}.MinSizeRel|x86.ActiveCfg = MinSizeRel|x64
		{DB34DBC7-14C7-3353-8F71-CBF7D03C050D}.Release|x64.ActiveCfg = Release|x64
		{DB34DBC7-14C7-3353-8F71-CBF7D03C050D}.Release|x64.Build.0 = Release|x64
		{DB34DBC7-14C7-3353-8F71-CBF7D03C050D}.Release|x86.ActiveCfg = Release|x64
		{DB34DBC7-14C7-3353-8F71-CBF7D03C050D}.RelWithDebInfo|x64.ActiveCfg = RelWithDebInfo|x64
		{DB34DBC7-14C7-3353-8F71-CBF7D03C050D}.RelWithDebInfo|x64.Build.0 = RelWithDebInfo|x64
		{DB34DBC7-14C7-3353-8F71-CBF7D03C050D}.RelWithDebInfo|x86.ActiveCfg = RelWithDebInfo|x64
		{835EF662-F1BB-3395-A533-5BF54B9047EB}.Debug|x64.ActiveCfg = Debug|x64
		{835EF662-F1BB-3395-A533-5BF54B9047EB}.Debug|x64.Build.0 = Debug|x64
		{835EF662-F1BB-3395-A533-5BF54B9047EB}.Debug|x86.ActiveCfg = Debug|x64
		{835EF662-F1BB-3395-A533-5BF54B9047EB}.MinSizeRel|x64.ActiveCfg = MinSizeRel|x64
		{835EF662-F1BB-3395-A533-5BF54B9047EB}.MinSizeRel|x64.Build.0 = MinSizeRel|x64
		{835EF662-F1BB-3395-A533-5BF54B9047EB}.MinSizeRel|x86.ActiveCfg = MinSizeRel|x64
		{835EF662-F1BB-3395-A533-5BF54B9047EB}.Release|x64.ActiveCfg = Release|x64
		{835EF662-F1BB-3395-A533-5BF54B9047EB}.Release|x64.Build.0 = Release|x64
		{835EF662-F1BB-3395-A533-5BF54B9047EB}.Release|x86.ActiveCfg = Release|x64
		{835EF662-F1BB-3395-A533-5BF54B9047EB}.RelWithDebInfo|x64.ActiveCfg = RelWithDebInfo|x64
		{835EF662-F1BB-3395-A533-5BF54B9047EB}.RelWithDebInfo|x64.Build.0 = RelWithDebInfo|x64
		{835EF662-F1BB-3395-A533-5BF54B9047EB}.RelWithDebInfo|x86.ActiveCfg = RelWithDebInfo|x64
		{C3B1BFD4-DBE5-3916-8675-C09EF4F28F54}.Debug|x64.ActiveCfg = Debug|x64
		{C3B1BFD4-DBE5-3916-8675-C09EF4F28F54}.Debug|x64.Build.0 = Debug|x64
		{C3B1BFD4-DBE5-3916-8675-C09EF4F28F54}.Debug|x86.ActiveCfg = Debug|x64
		{C3B1BFD4-DBE5-3916-8675-C09EF4F28F54}.MinSizeRel|x64.ActiveCfg = MinSizeRel|x64
		{C3B1BFD4-DBE5-3916-8675-C09EF4F28F54}.MinSizeRel|x64.Build.0 = MinSizeRel|x64
		{C3B1BFD4-DBE5-3916-8675-C09EF4F28F54}.MinSizeRel|x86.ActiveCfg = MinSizeRel|x64
		{C3B1BFD4-DBE5-3916-8675-C09EF4F28F54}.Release|x64.ActiveCfg = Release|x64
		{C3B1BFD4-DBE5-3916-8675-C09EF4F28F54}.Release|x64.Build.0 = Release|x64
		{C3B1BFD4-DBE5-3916-8675-C09EF4F28F54}.Release|x86.ActiveCfg = Release|x64
		{C3B1BFD4-DBE5-3916-8675-C09EF4F28F54}.RelWithDebInfo|x64.ActiveCfg = RelWithDebInfo|x64
		{C3B1BFD4-DBE5-3916-8675-C09EF4F28F54}.RelWithDebInfo|x64.Build.0 = RelWithDebInfo|x64
		{C3B1BFD4-DBE5-3916-8675-C09EF4F28F54}.RelWithDebInfo|x86.ActiveCfg = RelWithDebInfo|x64
		{B0F44662-1705-3D9B-99EB-57C252285788}.Debug|x64.ActiveCfg = Debug|x64
		{B0F44662-1705-3D9B-99EB-57C252285788}.Debug|x64.Build.0 = Debug|x64
		{B0F44662-1705-3D9B-99EB-57C252285788}.Debug|x86.ActiveCfg = Debug|x64
		{B0F44662-1705-3D9B-99EB-57C252285788}.MinSizeRel|x64.ActiveCfg = MinSizeRel|x64
		{B0F44662-1705-3D9B-99EB-57C252285788}.MinSizeRel|x64.Build.0 = MinSizeRel|x64
		{B0F44662-1705-3D9B-99EB-57C252285788}.MinSizeRel|x86.ActiveCfg = MinSizeRel|x64
		{B0F44662-1705-3D9B-99EB-57C252285788}.Release|x64.ActiveCfg = Release|x64
		{B0F44662-1705-3D9B-99EB-57C252285788}.Release|x64.Build.0 = Release|x64
		{B0F44662-1705-3D9B-99EB-57C252285788}.Release|x86.ActiveCfg = Release|x64
		{B0F44662-1705-3D9B-99EB-57C252285788}.RelWithDebInfo|x64.ActiveCfg = RelWithDebInfo|x64
		{B0F44662-1705-3D9B-99EB-57C252285788}.RelWithDebInfo|x64.Build.0 = RelWithDebInfo|x64
		{B0F44662-1705-3D9B-99EB-57C252285788}.RelWithDebInfo|x86.ActiveCfg = RelWithDebInfo|x64
		{B7E5987B-1280-317B-BCDE-F367AA11E824}.Debug|x64.ActiveCfg = Debug|x64
		{B7E5987B-1280-317B-BCDE-F367AA11E824}.Debug|x64.Build.0 = Debug|x64
		{B7E5987B-1280-317B-BCDE-F367AA11E824}.Debug|x86.ActiveCfg = Debug|x64
		{B7E5987B-1280-317B-BCDE-F367AA11E824}.MinSizeRel|x64.ActiveCfg = MinSizeRel|x64
		{B7E5987B-1280-317B-BCDE-F367AA11E824}.MinSizeRel|x64.Build.0 = MinSizeRel|x64
		{B7E5987B-1280-317B-BCDE-F367AA11E824}.MinSizeRel|x86.ActiveCfg = MinSizeRel|x64
		{B7E5987B-1280-317B-BCDE-F367AA11E824}.Release|x64.ActiveCfg = Release|x64
		{B7E5987B-1280-317B-BCDE-F367AA11E824}.Release|x64.Build.0 = Release|x64
		{B7E5987B-1280-317B-BCDE-F367AA11E824}.Release|x86.ActiveCfg = Release|x64
		{B7E5987B-1280-317B-BCDE-F367AA11E824}.RelWithDebInfo|x64.ActiveCfg = RelWithDebInfo|x64
		{B7E5987B-1280-317B-BCDE-F367AA11E824}.RelWithDebInfo|x64.Build.0 = RelWithDebInfo|x64
		{B7E5987B-1280-317B-BCDE-F367AA11E824}.RelWithDebInfo|x86.ActiveCfg = RelWithDebInfo|x64
		{7612A6E8-B8DA-3A6A-ABD4-CFB9B0FD05D8}.Debug|x64.ActiveCfg = Debug|x64
		{7612A6E8-B8DA-3A6A-ABD4-CFB9B0FD05D8}.Debug|x64.Build.0 = Debug|x64
		{7612A6E8-B8DA-3A6A-ABD4-CFB9B0FD05D8}.Debug|x86.ActiveCfg = Debug|x64
		{7612A6E8-B8DA-3A6A-ABD4-CFB9B0FD05D8}.MinSizeRel|x64.ActiveCfg = MinSizeRel|x64
		{7612A6E8-B8DA-3A6A-ABD4-CFB9B0FD05D8}.MinSizeRel|x64.Build.0 = MinSizeRel|x64
		{7612A6E8-B8DA-3A6A-ABD4-CFB9B0FD05D8}.MinSizeRel|x86.ActiveCfg = MinSizeRel|x64
		{7612A6E8-B8DA-3A6A-ABD4-CFB9B0FD05D8}.Release|x64.ActiveCfg = Release|x64
		{7612A6E8-B8DA-3A6A-ABD4-CFB9B0FD05D8}.Release|x64.Build.0 = Release|x64
		{7612A6E8-B8DA-3A6A-ABD4-CFB9B0FD05D8}.Release|x86.ActiveCfg = Release|x64
		{7612A6E8-B8DA-3A6A-ABD4-CFB9B0FD05D8}.RelWithDebInfo|x64.ActiveCfg = RelWithDebInfo|x64
		{7612A6E8-B8DA-3A6A-ABD4-CFB9B0FD05D8}.RelWithDebInfo|x64.Build.0 = RelWithDebInfo|x64
		{7612A6E8-B8DA-3A6A-ABD4-CFB9B0FD05D8}.RelWithDebInfo|x86.ActiveCfg = RelWithDebInfo|x64
		{54AD5F26-CBAF-346A-BBC9-436EE3ECD119}.Debug|x64.ActiveCfg = Debug|x64
		{54AD5F26-CBAF-346A-BBC9-436EE3ECD119}.Debug|x64.Build.0 = Debug|x64
		{54AD5F26-CBAF-346A-BBC9-436EE3ECD119}.Debug|x86.ActiveCfg = Debug|x64
		{54AD5F26-CBAF-346A-BBC9-436EE3ECD119}.MinSizeRel|x64.ActiveCfg = MinSizeRel|x64
		{54AD5F26-CBAF-346A-BBC9-436EE3ECD119}.MinSizeRel|x64.Build.0 = MinSizeRel|x64
		{54AD5F26-CBAF-346A-BBC9-436EE3ECD119}.MinSizeRel|x86.ActiveCfg = MinSizeRel|x64
		{54AD5F26-CBAF-346A-BBC9-436EE3ECD119}.Release|x64.ActiveCfg = Release|x64
		{54AD5F26-CBAF-346A-BBC9-436EE3ECD119}.Release|x64.Build.0 = Release|x64
		{54AD5F26-CBAF-346A-BBC9-436EE3ECD119}.Release|x86.ActiveCfg = Release|x64
		{54AD5F26-CBAF-346A-BBC9-436EE3ECD119}.RelWithDebInfo|x64.ActiveCfg = RelWithDebInfo|x64
		{54AD5F26-CBAF-346A-BBC9-436EE3ECD119}.RelWithDebInfo|x64.Build.0 = RelWithDebInfo|x64
		{54AD5F26-CBAF-346A-BBC9-436EE3ECD119}.RelWithDebInfo|x86.ActiveCfg = RelWithDebInfo|x64
		{4DB2658D-AC62-3A30-BA18-BCA4E97FB2C0}.Debug|x64.ActiveCfg = Debug|x64
		{4DB2658D-AC62-3A30-BA18-BCA4E97FB2C0}.Debug|x64.Build.0 = Debug|x64
		{4DB2658D-AC62-3A30-BA18-BCA4E97FB2C0}.Debug|x86.ActiveCfg = Debug|x64
		{4DB2658D-AC62-3A30-BA18-BCA4E97FB2C0}.MinSizeRel|x64.ActiveCfg = MinSizeRel|x64
		{4DB2658D-AC62-3A30-BA18-BCA4E97FB2C0}.MinSizeRel|x64.Build.0 = MinSizeRel|x64
		{4DB2658D-AC62-3A30-BA18-BCA4E97FB2C0}.MinSizeRel|x86.ActiveCfg = MinSizeRel|x64
		{4DB2658D-AC62-3A30-BA18-BCA4E97FB2C0}.Release|x64.ActiveCfg = Release|x64
		{4DB2658D-AC62-3A30-BA18-BCA4E97FB2C0}.Release|x64.Build.0 = Release|x64
		{4DB2658D-AC62-3A30-BA18-BCA4E97FB2C0}.Release|x86.ActiveCfg = Release|x64
		{4DB2658D-AC62-3A30-BA18-BCA4E97FB2C0}.RelWithDebInfo|x64.ActiveCfg = RelWithDebInfo|x64
		{4DB2658D-AC62-3A30-BA18-BCA4E97FB2C0}.RelWithDebInfo|x64.Build.0 = RelWithDebInfo|x64
		{4DB2658D-AC62-3A30-BA18-BCA4E97FB2C0}.RelWithDebInfo|x86.ActiveCfg = RelWithDebInfo|x64
		{D9113553-AF19-3411-8D21-1078EE8F611E}.Debug|x64.ActiveCfg = Debug|x64
		{D9113553-AF19-3411-8D21-1078EE8F611E}.Debug|x64.Build.0 = Debug|x64
		{D9113553-AF19-3411-8D21-1078EE8F611E}.Debug|x86.ActiveCfg = Debug|x64
		{D9113553-AF19-3411-8D21-1078EE8F611E}.MinSizeRel|x64.ActiveCfg = MinSizeRel|x64
		{D9113553-AF19-3411-8D21-1078EE8F611E}.MinSizeRel|x64.Build.0 = MinSizeRel|x64
		{D9113553-AF19-3411-8D21-1078EE8F611E}.MinSizeRel|x86.ActiveCfg = MinSizeRel|x64
		{D9113553-AF19-3411-8D21-1078EE8F611E}.Release|x64.ActiveCfg = Release|x64
		{D9113553-AF19-3411-8D21-1078EE8F611E}.Release|x64.Build.0 = Release|x64
		{D9113553-AF19-3411-8D21-1078EE8F611E}.Release|x86.ActiveCfg = Release|x64
		{D9113553-AF19-3411-8D21-1078EE8F611E}.RelWithDebInfo|x64.ActiveCfg = RelWithDebInfo|x64
		{D9113553-AF19-3411-8D21-1078EE8F611E}.RelWithDebInfo|x64.Build.0 = RelWithDebInfo|x64
		{D9113553-AF19-3411-8D21-1078EE8F611E}.RelWithDebInfo|x86.ActiveCfg = RelWithDebInfo|x64
		{87401E5E-2FEC-3AB7-BA30-15C9FF6A2348}.Debug|x64.ActiveCfg = Debug|x64
		{87401E5E-2FEC-3AB7-BA30-15C9FF6A2348}.Debug|x64.Build.0 = Debug|x64
		{87401E5E-2FEC-3AB7-BA30-15C9FF6A2348}.Debug|x86.ActiveCfg = Debug|x64
		{87401E5E-2FEC-3AB7-BA30-15C9FF6A2348}.MinSizeRel|x64.ActiveCfg = MinSizeRel|x64
		{87401E5E-2FEC-3AB7-BA30-15C9FF6A2348}.MinSizeRel|x64.Build.0 = MinSizeRel|x64
		{87401E5E-2FEC-3AB7-BA30-15C9FF6A2348}.MinSizeRel|x86.ActiveCfg = MinSizeRel|x64
		{87401E5E-2FEC-3AB7-BA30-15C9FF6A2348}.Release|x64.ActiveCfg = Release|x64
		{87401E5E-2FEC-3AB7-BA30-15C9FF6A2348}.Release|x64.Build.0 = Release|x64
		{87401E5E-2FEC-3AB7-BA30-15C9FF6A2348}.Release|x86.ActiveCfg = Release|x64
		{87401E5E-2FEC-3AB7-BA30-15C9FF6A2348}.RelWithDebInfo|x64.ActiveCfg = RelWithDebInfo|x64
		{87401E5E-2FEC-3AB7-BA30-15C9FF6A2348}.RelWithDebInfo|x64.Build.0 = RelWithDebInfo|x64
		{87401E5E-2FEC-3AB7-BA30-15C9FF6A2348}.RelWithDebInfo|x86.ActiveCfg = RelWithDebInfo|x64
		{ACDD186B-BC72-3CAB-807A-89E0A22546BD}.Debug|x64.ActiveCfg = Debug|x64
		{ACDD186B-BC72-3CAB-807A-89E0A22546BD}.Debug|x64.Build.0 = Debug|x64
		{ACDD186B-BC72-3CAB-807A-89E0A22546BD}.Debug|x86.ActiveCfg = Debug|x64
		{ACDD186B-BC72-3CAB-807A-89E0A22546BD}.MinSizeRel|x64.ActiveCfg = MinSizeRel|x64
		{ACDD186B-BC72-3CAB-807A-89E0A22546BD}.MinSizeRel|x64.Build.0 = MinSizeRel|x64
		{ACDD186B-BC72-3CAB-807A-89E0A22546BD}.MinSizeRel|x86.ActiveCfg = MinSizeRel|x64
		{ACDD186B-BC72-3CAB-807A-89E0A22546BD}.Release|x64.ActiveCfg = Release|x64
		{ACDD186B-BC72-3CAB-807A-89E0A22546BD}.Release|x64.Build.0 = Release|x64
		{ACDD186B-BC72-3CAB-807A-89E0A22546BD}.Release|x86.ActiveCfg = Release|x64
		{ACDD186B-BC72-3CAB-807A-89E0A22546BD}.RelWithDebInfo|x64.ActiveCfg = RelWithDebInfo|x64
		{ACDD186B-BC72-3CAB-807A-89E0A22546BD}.RelWithDebInfo|x64.Build.0 = RelWithDebInfo|x64
		{ACDD186B-BC72-3CAB-807A-89E0A22546BD}.RelWithDebInfo|x86.ActiveCfg = RelWithDebInfo|x64
		{019398BE-7ADE-369F-8318-A343B142CD03}.Debug|x64.ActiveCfg = Debug|x64
		{019398BE-7ADE-369F-8318-A343B142CD03}.Debug|x64.Build.0 = Debug|x64
		{019398BE-7ADE-369F-8318-A343B142CD03}.Debug|x86.ActiveCfg = Debug|x64
		{019398BE-7ADE-369F-8318-A343B142CD03}.MinSizeRel|x64.ActiveCfg = MinSizeRel|x64
		{019398BE-7ADE-369F-8318-A343B142CD03}.MinSizeRel|x64.Build.0 = MinSizeRel|x64
		{019398BE-7ADE-369F-8318-A343B142CD03}.MinSizeRel|x86.ActiveCfg = MinSizeRel|x64
		{019398BE-7ADE-369F-8318-A343B142CD03}.Release|x64.ActiveCfg = Release|x64
		{019398BE-7ADE-369F-8318-A343B142CD03}.Release|x64.Build.0 = Release|x64
		{019398BE-7ADE-369F-8318-A343B142CD03}.Release|x86.ActiveCfg = Release|x64
		{019398BE-7ADE-369F-8318-A343B142CD03}.RelWithDebInfo|x64.ActiveCfg = RelWithDebInfo|x64
		{019398BE-7ADE-369F-8318-A343B142CD03}.RelWithDebInfo|x64.Build.0 = RelWithDebInfo|x64
		{019398BE-7ADE-369F-8318-A343B142CD03}.RelWithDebInfo|x86.ActiveCfg = RelWithDebInfo|x64
		{017FC065-D4EE-321D-9C28-DCBEB8309C0A}.Debug|x64.ActiveCfg = Debug|x64
		{017FC065-D4EE-321D-9C28-DCBEB8309C0A}.Debug|x64.Build.0 = Debug|x64
		{017FC065-D4EE-321D-9C28-DCBEB8309C0A}.Debug|x86.ActiveCfg = Debug|x64
		{017FC065-D4EE-321D-9C28-DCBEB8309C0A}.MinSizeRel|x64.ActiveCfg = MinSizeRel|x64
		{017FC065-D4EE-321D-9C28-DCBEB8309C0A}.MinSizeRel|x64.Build.0 = MinSizeRel|x64
		{017FC065-D4EE-321D-9C28-DCBEB8309C0A}.MinSizeRel|x86.ActiveCfg = MinSizeRel|x64
		{017FC065-D4EE-321D-9C28-DCBEB8309C0A}.Release|x64.ActiveCfg = Release|x64
		{017FC065-D4EE-321D-9C28-DCBEB8309C0A}.Release|x64.Build.0 = Release|x64
		{017FC065-D4EE-321D-9C28-DCBEB8309C0A}.Release|x86.ActiveCfg = Release|x64
		{017FC065-D4EE-321D-9C28-DCBEB8309C0A}.RelWithDebInfo|x64.ActiveCfg = RelWithDebInfo|x64
		{017FC065-D4EE-321D-9C28-DCBEB8309C0A}.RelWithDebInfo|x64.Build.0 = RelWithDebInfo|x64
		{017FC065-D4EE-321D-9C28-DCBEB8309C0A}.RelWithDebInfo|x86.ActiveCfg = RelWithDebInfo|x64
		{AFF18341-2443-3F33-B9AB-E48BE4A79972}.Debug|x64.ActiveCfg = Debug|x64
		{AFF18341-2443-3F33-B9AB-E48BE4A79972}.Debug|x64.Build.0 = Debug|x64
		{AFF18341-2443-3F33-B9AB-E48BE4A79972}.Debug|x86.ActiveCfg = Debug|x64
		{AFF18341-2443-3F33-B9AB-E48BE4A79972}.MinSizeRel|x64.ActiveCfg = MinSizeRel|x64
		{AFF18341-2443-3F33-B9AB-E48BE4A79972}.MinSizeRel|x64.Build.0 = MinSizeRel|x64
		{AFF18341-2443-3F33-B9AB-E48BE4A79972}.MinSizeRel|x86.ActiveCfg = MinSizeRel|x64
		{AFF18341-2443-3F33-B9AB-E48BE4A79972}.Release|x64.ActiveCfg = Release|x64
		{AFF18341-2443-3F33-B9AB-E48BE4A79972}.Release|x64.Build.0 = Release|x64
		{AFF18341-2443-3F33-B9AB-E48BE4A79972}.Release|x86.ActiveCfg = Release|x64
		{AFF18341-2443-3F33-B9AB-E48BE4A79972}.RelWithDebInfo|x64.ActiveCfg = RelWithDebInfo|x64
		{AFF18341-2443-3F33-B9AB-E48BE4A79972}.RelWithDebInfo|x64.Build.0 = RelWithDebInfo|x64
		{AFF18341-2443-3F33-B9AB-E48BE4A79972}.RelWithDebInfo|x86.ActiveCfg = RelWithDebInfo|x64
		{08908E03-DF9F-3322-8D3C-F42387F0AF34}.Debug|x64.ActiveCfg = Debug|x64
		{08908E03-DF9F-3322-8D3C-F42387F0AF34}.Debug|x64.Build.0 = Debug|x64
		{08908E03-DF9F-3322-8D3C-F42387F0AF34}.Debug|x86.ActiveCfg = Debug|x64
		{08908E03-DF9F-3322-8D3C-F42387F0AF34}.MinSizeRel|x64.ActiveCfg = MinSizeRel|x64
		{08908E03-DF9F-3322-8D3C-F42387F0AF34}.MinSizeRel|x64.Build.0 = MinSizeRel|x64
		{08908E03-DF9F-3322-8D3C-F42387F0AF34}.MinSizeRel|x86.ActiveCfg = MinSizeRel|x64
		{08908E03-DF9F-3322-8D3C-F42387F0AF34}.Release|x64.ActiveCfg = Release|x64
		{08908E03-DF9F-3322-8D3C-F42387F0AF34}.Release|x64.Build.0 = Release|x64
		{08908E03-DF9F-3322-8D3C-F42387F0AF34}.Release|x86.ActiveCfg = Release|x64
		{08908E03-DF9F-3322-8D3C-F42387F0AF34}.RelWithDebInfo|x64.ActiveCfg = RelWithDebInfo|x64
		{08908E03-DF9F-3322-8D3C-F42387F0AF34}.RelWithDebInfo|x64.Build.0 = RelWithDebInfo|x64
		{08908E03-DF9F-3322-8D3C-F42387F0AF34}.RelWithDebInfo|x86.ActiveCfg = RelWithDebInfo|x64
		{26736674-24EA-35F3-AE0E-EC0E5098BEC8}.Debug|x64.ActiveCfg = Debug|x64
		{26736674-24EA-35F3-AE0E-EC0E5098BEC8}.Debug|x64.Build.0 = Debug|x64
		{26736674-24EA-35F3-AE0E-EC0E5098BEC8}.Debug|x86.ActiveCfg = Debug|x64
		{26736674-24EA-35F3-AE0E-EC0E5098BEC8}.MinSizeRel|x64.ActiveCfg = MinSizeRel|x64
		{26736674-24EA-35F3-AE0E-EC0E5098BEC8}.MinSizeRel|x64.Build.0 = MinSizeRel|x64
		{26736674-24EA-35F3-AE0E-EC0E5098BEC8}.MinSizeRel|x86.ActiveCfg = MinSizeRel|x64
		{26736674-24EA-35F3-AE0E-EC0E5098BEC8}.Release|x64.ActiveCfg = Release|x64
		{26736674-24EA-35F3-AE0E-EC0E5098BEC8}.Release|x64.Build.0 = Release|x64
		{26736674-24EA-35F3-AE0E-EC0E5098BEC8}.Release|x86.ActiveCfg = Release|x64
		{26736674-24EA-35F3-AE0E-EC0E5098BEC8}.RelWithDebInfo|x64.ActiveCfg = RelWithDebInfo|x64
		{26736674-24EA-35F3-AE0E-EC0E5098BEC8}.RelWithDebInfo|x64.Build.0 = RelWithDebInfo|x64
		{26736674-24EA-35F3-AE0E-EC0E5098BEC8}.RelWithDebInfo|x86.ActiveCfg = RelWithDebInfo|x64
		{AE649664-E04F-33E3-BC75-190EB32FCA0A}.Debug|x64.ActiveCfg = Debug|x64
		{AE649664-E04F-33E3-BC75-190EB32FCA0A}.Debug|x64.Build.0 = Debug|x64
		{AE649664-E04F-33E3-BC75-190EB32FCA0A}.Debug|x86.ActiveCfg = Debug|x64
		{AE649664-E04F-33E3-BC75-190EB32FCA0A}.MinSizeRel|x64.ActiveCfg = MinSizeRel|x64
		{AE649664-E04F-33E3-BC75-190EB32FCA0A}.MinSizeRel|x64.Build.0 = MinSizeRel|x64
		{AE649664-E04F-33E3-BC75-190EB32FCA0A}.MinSizeRel|x86.ActiveCfg = MinSizeRel|x64
		{AE649664-E04F-33E3-BC75-190EB32FCA0A}.Release|x64.ActiveCfg = Release|x64
		{AE649664-E04F-33E3-BC75-190EB32FCA0A}.Release|x64.Build.0 = Release|x64
		{AE649664-E04F-33E3-BC75-190EB32FCA0A}.Release|x86.ActiveCfg = Release|x64
		{AE649664-E04F-33E3-BC75-190EB32FCA0A}.RelWithDebInfo|x64.ActiveCfg = RelWithDebInfo|x64
		{AE649664-E04F-33E3-BC75-190EB32FCA0A}.RelWithDebInfo|x64.Build.0 = RelWithDebInfo|x64
		{AE649664-E04F-33E3-BC75-190EB32FCA0A}.RelWithDebInfo|x86.ActiveCfg = RelWithDebInfo|x64
		{AE50BE91-E32E-478B-A04E-8FA9E98DAAFC}.Debug|x64.ActiveCfg = Debug|x64
		{AE50BE91-E32E-478B-A04E-8FA9E98DAAFC}.Debug|x64.Build.0 = Debug|x64
		{AE50BE91-E32E-478B-A04E-8FA9E98DAAFC}.Debug|x86.ActiveCfg = Debug|Win32
		{AE50BE91-E32E-478B-A04E-8FA9E98DAAFC}.Debug|x86.Build.0 = Debug|Win32
		{AE50BE91-E32E-478B-A04E-8FA9E98DAAFC}.MinSizeRel|x64.ActiveCfg = Release|x64
		{AE50BE91-E32E-478B-A04E-8FA9E98DAAFC}.MinSizeRel|x64.Build.0 = Release|x64
		{AE50BE91-E32E-478B-A04E-8FA9E98DAAFC}.MinSizeRel|x86.ActiveCfg = Release|Win32
		{AE50BE91-E32E-478B-A04E-8FA9E98DAAFC}.MinSizeRel|x86.Build.0 = Release|Win32
		{AE50BE91-E32E-478B-A04E-8FA9E98DAAFC}.Release|x64.ActiveCfg = Release|x64
		{AE50BE91-E32E-478B-A04E-8FA9E98DAAFC}.Release|x64.Build.0 = Release|x64
		{AE50BE91-E32E-478B-A04E-8FA9E98DAAFC}.Release|x86.ActiveCfg = Release|Win32
		{AE50BE91-E32E-478B-A04E-8FA9E98DAAFC}.Release|x86.Build.0 = Release|Win32
		{AE50BE91-E32E-478B-A04E-8FA9E98DAAFC}.RelWithDebInfo|x64.ActiveCfg = Release|x64
		{AE50BE91-E32E-478B-A04E-8FA9E98DAAFC}.RelWithDebInfo|x64.Build.0 = Release|x64
		{AE50BE91-E32E-478B-A04E-8FA9E98DAAFC}.RelWithDebInfo|x86.ActiveCfg = Release|Win32
		{AE50BE91-E32E-478B-A04E-8FA9E98DAAFC}.RelWithDebInfo|x86.Build.0 = Release|Win32
	EndGlobalSection
	GlobalSection(SolutionProperties) = preSolution
		HideSolutionNode = FALSE
	EndGlobalSection
	GlobalSection(ExtensibilityGlobals) = postSolution
		SolutionGuid = {958030FD-4CD3-3ED8-BE83-B91A99ED15F1}
	EndGlobalSection
EndGlobal
