<?xml version="1.0" encoding="utf-8"?>
<Project ToolsVersion="15.0" xmlns="http://schemas.microsoft.com/developer/msbuild/2003">
  <ItemGroup>
    <ClCompile Include="D:\docker-volume\light-nn\test\test-executor.cc">
      <Filter>Source Files</Filter>
    </ClCompile>
    <ClCompile Include="D:\docker-volume\light-nn\test\test-net.cc">
      <Filter>Source Files</Filter>
    </ClCompile>
    <ClCompile Include="D:\docker-volume\light-nn\test\test-op-attention.cc">
      <Filter>Source Files</Filter>
    </ClCompile>
    <ClCompile Include="D:\docker-volume\light-nn\test\test-op-concat.cc">
      <Filter>Source Files</Filter>
    </ClCompile>
    <ClCompile Include="D:\docker-volume\light-nn\test\test-op-conv1d.cc">
      <Filter>Source Files</Filter>
    </ClCompile>
    <ClCompile Include="D:\docker-volume\light-nn\test\test-op-crf.cc">
      <Filter>Source Files</Filter>
    </ClCompile>
    <ClCompile Include="D:\docker-volume\light-nn\test\test-op-eltwise.cc">
      <Filter>Source Files</Filter>
    </ClCompile>
    <ClCompile Include="D:\docker-volume\light-nn\test\test-op-embedding.cc">
      <Filter>Source Files</Filter>
    </ClCompile>
    <ClCompile Include="D:\docker-volume\light-nn\test\test-op-gelu.cc">
      <Filter>Source Files</Filter>
    </ClCompile>
    <ClCompile Include="D:\docker-volume\light-nn\test\test-op-gru.cc">
      <Filter>Source Files</Filter>
    </ClCompile>
    <ClCompile Include="D:\docker-volume\light-nn\test\test-op-linear.cc">
      <Filter>Source Files</Filter>
    </ClCompile>
    <ClCompile Include="D:\docker-volume\light-nn\test\test-op-lookup-table.cc">
      <Filter>Source Files</Filter>
    </ClCompile>
    <ClCompile Include="D:\docker-volume\light-nn\test\test-op-lstm.cc">
      <Filter>Source Files</Filter>
    </ClCompile>
    <ClCompile Include="D:\docker-volume\light-nn\test\test-op-pooling1d.cc">
      <Filter>Source Files</Filter>
    </ClCompile>
    <ClCompile Include="D:\docker-volume\light-nn\test\test-op-reduction.cc">
      <Filter>Source Files</Filter>
    </ClCompile>
    <ClCompile Include="D:\docker-volume\light-nn\test\test-op-relu.cc">
      <Filter>Source Files</Filter>
    </ClCompile>
    <ClCompile Include="D:\docker-volume\light-nn\test\test-op-reverse.cc">
      <Filter>Source Files</Filter>
    </ClCompile>
    <ClCompile Include="D:\docker-volume\light-nn\test\test-op-rnn-adapter.cc">
      <Filter>Source Files</Filter>
    </ClCompile>
    <ClCompile Include="D:\docker-volume\light-nn\test\test-op-scale.cc">
      <Filter>Source Files</Filter>
    </ClCompile>
    <ClCompile Include="D:\docker-volume\light-nn\test\test-op-sigmoid.cc">
      <Filter>Source Files</Filter>
    </ClCompile>
    <ClCompile Include="D:\docker-volume\light-nn\test\test-op-softmax.cc">
      <Filter>Source Files</Filter>
    </ClCompile>
    <ClCompile Include="D:\docker-volume\light-nn\test\test-op-tanh.cc">
      <Filter>Source Files</Filter>
    </ClCompile>
    <ClCompile Include="D:\docker-volume\light-nn\test\test-op-weight-wrapper.cc">
      <Filter>Source Files</Filter>
    </ClCompile>
    <ClCompile Include="D:\docker-volume\light-nn\test\test-op-weighted-sum.cc">
      <Filter>Source Files</Filter>
    </ClCompile>
    <ClCompile Include="D:\docker-volume\light-nn\test\test-tensor.cc">
      <Filter>Source Files</Filter>
    </ClCompile>
  </ItemGroup>
  <ItemGroup>
    <CustomBuild Include="D:\docker-volume\light-nn\CMakeLists.txt" />
  </ItemGroup>
  <ItemGroup>
    <Filter Include="Source Files">
      <UniqueIdentifier>{A3FACF68-2573-36B9-87FA-92D2F48370E1}</UniqueIdentifier>
    </Filter>
  </ItemGroup>
</Project>
